
Microsoft Visual Studio Solution File, Format Version 12.00
# Visual Studio Version 16
VisualStudioVersion = 16.0.29001.49
MinimumVisualStudioVersion = 10.0.40219.1
Project("{FAE04EC0-301F-11D3-BF4B-00C04F79EFBC}") = "solid_principle", "solid_principle\solid_principle.csproj", "{57024FC1-C2D6-4935-8F76-BA12B73738E1}"
EndProject
Global
	GlobalSection(SolutionConfigurationPlatforms) = preSolution
		Debug|Any CPU = Debug|Any CPU
		Release|Any CPU = Release|Any CPU
	EndGlobalSection
	GlobalSection(ProjectConfigurationPlatforms) = postSolution
		{57024FC1-C2D6-4935-8F76-BA12B73738E1}.Debug|Any CPU.ActiveCfg = Debug|Any CPU
		{57024FC1-C2D6-4935-8F76-BA12B73738E1}.Debug|Any CPU.Build.0 = Debug|Any CPU
		{57024FC1-C2D6-4935-8F76-BA12B73738E1}.Release|Any CPU.ActiveCfg = Release|Any CPU
		{57024FC1-C2D6-4935-8F76-BA12B73738E1}.Release|Any CPU.Build.0 = Release|Any CPU
	EndGlobalSection
	GlobalSection(SolutionProperties) = preSolution
		HideSolutionNode = FALSE
	EndGlobalSection
	GlobalSection(ExtensibilityGlobals) = postSolution
		SolutionGuid = {80BA0688-655F-4F44-9A51-62D38DA452DC}
	EndGlobalSection
EndGlobal
